
Microsoft Visual Studio Solution File, Format Version 12.00
# Visual Studio Version 16
VisualStudioVersion = 16.0.31624.102
MinimumVisualStudioVersion = 10.0.40219.1
Project("{FAE04EC0-301F-11D3-BF4B-00C04F79EFBC}") = "Kursach", "Kursach\Kursach.csproj", "{CD850105-94F2-4B59-AC1F-00AA22955955}"
EndProject
Global
	GlobalSection(SolutionConfigurationPlatforms) = preSolution
		Debug|Any CPU = Debug|Any CPU
		Release|Any CPU = Release|Any CPU
	EndGlobalSection
	GlobalSection(ProjectConfigurationPlatforms) = postSolution
		{CD850105-94F2-4B59-AC1F-00AA22955955}.Debug|Any CPU.ActiveCfg = Debug|Any CPU
		{CD850105-94F2-4B59-AC1F-00AA22955955}.Debug|Any CPU.Build.0 = Debug|Any CPU
		{CD850105-94F2-4B59-AC1F-00AA22955955}.Release|Any CPU.ActiveCfg = Release|Any CPU
		{CD850105-94F2-4B59-AC1F-00AA22955955}.Release|Any CPU.Build.0 = Release|Any CPU
	EndGlobalSection
	GlobalSection(SolutionProperties) = preSolution
		HideSolutionNode = FALSE
	EndGlobalSection
	GlobalSection(ExtensibilityGlobals) = postSolution
		SolutionGuid = {C9794AE2-A98C-4ECF-B9E1-67B091F0E735}
	EndGlobalSection
EndGlobal
